
Microsoft Visual Studio Solution File, Format Version 12.00
# Visual Studio Version 16
VisualStudioVersion = 16.0.31229.75
MinimumVisualStudioVersion = 10.0.40219.1
Project("{FAE04EC0-301F-11D3-BF4B-00C04F79EFBC}") = "MobileStore", "MobileStore\MobileStore.csproj", "{58F883E6-DDC9-4C34-9E0F-1EB8443F5848}"
EndProject
Global
	GlobalSection(SolutionConfigurationPlatforms) = preSolution
		Debug|Any CPU = Debug|Any CPU
		Release|Any CPU = Release|Any CPU
	EndGlobalSection
	GlobalSection(ProjectConfigurationPlatforms) = postSolution
		{58F883E6-DDC9-4C34-9E0F-1EB8443F5848}.Debug|Any CPU.ActiveCfg = Debug|Any CPU
		{58F883E6-DDC9-4C34-9E0F-1EB8443F5848}.Debug|Any CPU.Build.0 = Debug|Any CPU
		{58F883E6-DDC9-4C34-9E0F-1EB8443F5848}.Release|Any CPU.ActiveCfg = Release|Any CPU
		{58F883E6-DDC9-4C34-9E0F-1EB8443F5848}.Release|Any CPU.Build.0 = Release|Any CPU
	EndGlobalSection
	GlobalSection(SolutionProperties) = preSolution
		HideSolutionNode = FALSE
	EndGlobalSection
	GlobalSection(ExtensibilityGlobals) = postSolution
		SolutionGuid = {846C3417-0AC7-42DB-B7E8-F2287C3D9C41}
	EndGlobalSection
EndGlobal
